// !$*UTF8*$!
{
	archiveVersion = 1;
	classes = {
	};
	objectVersion = 56;
	objects = {

/* Begin PBXBuildFile section */
		CE37C68F2C21B45100518D31 /* Preview Assets.xcassets in Resources */ = {isa = PBXBuildFile; fileRef = CE37C6852C21B45100518D31 /* Preview Assets.xcassets */; };
		CE37C6902C21B45100518D31 /* Assets.xcassets in Resources */ = {isa = PBXBuildFile; fileRef = CE37C6872C21B45100518D31 /* Assets.xcassets */; };
		CE37C6912C21B45100518D31 /* ContentView.swift in Sources */ = {isa = PBXBuildFile; fileRef = CE37C6882C21B45100518D31 /* ContentView.swift */; };
		CE37C6922C21B45100518D31 /* CounterApp.swift in Sources */ = {isa = PBXBuildFile; fileRef = CE37C6892C21B45100518D31 /* CounterApp.swift */; };
		CE37C6942C21B45100518D31 /* CounterIntent.swift in Sources */ = {isa = PBXBuildFile; fileRef = CE37C68B2C21B45100518D31 /* CounterIntent.swift */; };
		CE37C6952C21B45100518D31 /* CounterState.swift in Sources */ = {isa = PBXBuildFile; fileRef = CE37C68C2C21B45100518D31 /* CounterState.swift */; };
		CEDDB1642C21AD970009FD3E /* MVI_exampleTests.swift in Sources */ = {isa = PBXBuildFile; fileRef = CEDDB1632C21AD970009FD3E /* MVI_exampleTests.swift */; };
		CEDDB16E2C21AD970009FD3E /* MVI_exampleUITests.swift in Sources */ = {isa = PBXBuildFile; fileRef = CEDDB16D2C21AD970009FD3E /* MVI_exampleUITests.swift */; };
		CEDDB1702C21AD970009FD3E /* MVI_exampleUITestsLaunchTests.swift in Sources */ = {isa = PBXBuildFile; fileRef = CEDDB16F2C21AD970009FD3E /* MVI_exampleUITestsLaunchTests.swift */; };
/* End PBXBuildFile section */

/* Begin PBXContainerItemProxy section */
		CEDDB1602C21AD970009FD3E /* PBXContainerItemProxy */ = {
			isa = PBXContainerItemProxy;
			containerPortal = CEDDB1462C21AD960009FD3E /* Project object */;
			proxyType = 1;
			remoteGlobalIDString = CEDDB14D2C21AD960009FD3E;
			remoteInfo = "MVI-example";
		};
		CEDDB16A2C21AD970009FD3E /* PBXContainerItemProxy */ = {
			isa = PBXContainerItemProxy;
			containerPortal = CEDDB1462C21AD960009FD3E /* Project object */;
			proxyType = 1;
			remoteGlobalIDString = CEDDB14D2C21AD960009FD3E;
			remoteInfo = "MVI-example";
		};
/* End PBXContainerItemProxy section */

/* Begin PBXFileReference section */
		CE37C6852C21B45100518D31 /* Preview Assets.xcassets */ = {isa = PBXFileReference; lastKnownFileType = folder.assetcatalog; path = "Preview Assets.xcassets"; sourceTree = "<group>"; };
		CE37C6872C21B45100518D31 /* Assets.xcassets */ = {isa = PBXFileReference; lastKnownFileType = folder.assetcatalog; path = Assets.xcassets; sourceTree = "<group>"; };
		CE37C6882C21B45100518D31 /* ContentView.swift */ = {isa = PBXFileReference; fileEncoding = 4; lastKnownFileType = sourcecode.swift; path = ContentView.swift; sourceTree = "<group>"; };
		CE37C6892C21B45100518D31 /* CounterApp.swift */ = {isa = PBXFileReference; fileEncoding = 4; lastKnownFileType = sourcecode.swift; path = CounterApp.swift; sourceTree = "<group>"; };
		CE37C68B2C21B45100518D31 /* CounterIntent.swift */ = {isa = PBXFileReference; fileEncoding = 4; lastKnownFileType = sourcecode.swift; path = CounterIntent.swift; sourceTree = "<group>"; };
		CE37C68C2C21B45100518D31 /* CounterState.swift */ = {isa = PBXFileReference; fileEncoding = 4; lastKnownFileType = sourcecode.swift; path = CounterState.swift; sourceTree = "<group>"; };
		CE37C68D2C21B45100518D31 /* CounterApp.entitlements */ = {isa = PBXFileReference; fileEncoding = 4; lastKnownFileType = text.plist.entitlements; path = CounterApp.entitlements; sourceTree = "<group>"; };
		CEDDB14E2C21AD960009FD3E /* CounterApp.app */ = {isa = PBXFileReference; explicitFileType = wrapper.application; includeInIndex = 0; path = CounterApp.app; sourceTree = BUILT_PRODUCTS_DIR; };
		CEDDB15F2C21AD970009FD3E /* CounterAppTests.xctest */ = {isa = PBXFileReference; explicitFileType = wrapper.cfbundle; includeInIndex = 0; path = CounterAppTests.xctest; sourceTree = BUILT_PRODUCTS_DIR; };
		CEDDB1632C21AD970009FD3E /* MVI_exampleTests.swift */ = {isa = PBXFileReference; lastKnownFileType = sourcecode.swift; path = MVI_exampleTests.swift; sourceTree = "<group>"; };
		CEDDB1692C21AD970009FD3E /* CounterAppUITests.xctest */ = {isa = PBXFileReference; explicitFileType = wrapper.cfbundle; includeInIndex = 0; path = CounterAppUITests.xctest; sourceTree = BUILT_PRODUCTS_DIR; };
		CEDDB16D2C21AD970009FD3E /* MVI_exampleUITests.swift */ = {isa = PBXFileReference; lastKnownFileType = sourcecode.swift; path = MVI_exampleUITests.swift; sourceTree = "<group>"; };
		CEDDB16F2C21AD970009FD3E /* MVI_exampleUITestsLaunchTests.swift */ = {isa = PBXFileReference; lastKnownFileType = sourcecode.swift; path = MVI_exampleUITestsLaunchTests.swift; sourceTree = "<group>"; };
/* End PBXFileReference section */

/* Begin PBXFrameworksBuildPhase section */
		CEDDB14B2C21AD960009FD3E /* Frameworks */ = {
			isa = PBXFrameworksBuildPhase;
			buildActionMask = 2147483647;
			files = (
			);
			runOnlyForDeploymentPostprocessing = 0;
		};
		CEDDB15C2C21AD970009FD3E /* Frameworks */ = {
			isa = PBXFrameworksBuildPhase;
			buildActionMask = 2147483647;
			files = (
			);
			runOnlyForDeploymentPostprocessing = 0;
		};
		CEDDB1662C21AD970009FD3E /* Frameworks */ = {
			isa = PBXFrameworksBuildPhase;
			buildActionMask = 2147483647;
			files = (
			);
			runOnlyForDeploymentPostprocessing = 0;
		};
/* End PBXFrameworksBuildPhase section */

/* Begin PBXGroup section */
		CE37C6862C21B45100518D31 /* Preview Content */ = {
			isa = PBXGroup;
			children = (
				CE37C6852C21B45100518D31 /* Preview Assets.xcassets */,
			);
			path = "Preview Content";
			sourceTree = "<group>";
		};
		CE37C68E2C21B45100518D31 /* CounterApp */ = {
			isa = PBXGroup;
			children = (
				CE37C6862C21B45100518D31 /* Preview Content */,
				CE37C6872C21B45100518D31 /* Assets.xcassets */,
				CE37C6882C21B45100518D31 /* ContentView.swift */,
				CE37C6892C21B45100518D31 /* CounterApp.swift */,
				CE37C68B2C21B45100518D31 /* CounterIntent.swift */,
				CE37C68C2C21B45100518D31 /* CounterState.swift */,
				CE37C68D2C21B45100518D31 /* CounterApp.entitlements */,
			);
			path = CounterApp;
			sourceTree = "<group>";
		};
		CEDDB1452C21AD960009FD3E = {
			isa = PBXGroup;
			children = (
				CE37C68E2C21B45100518D31 /* CounterApp */,
				CEDDB1622C21AD970009FD3E /* MVI-exampleTests */,
				CEDDB16C2C21AD970009FD3E /* MVI-exampleUITests */,
				CEDDB14F2C21AD960009FD3E /* Products */,
			);
			sourceTree = "<group>";
		};
		CEDDB14F2C21AD960009FD3E /* Products */ = {
			isa = PBXGroup;
			children = (
				CEDDB14E2C21AD960009FD3E /* CounterApp.app */,
				CEDDB15F2C21AD970009FD3E /* CounterAppTests.xctest */,
				CEDDB1692C21AD970009FD3E /* CounterAppUITests.xctest */,
			);
			name = Products;
			sourceTree = "<group>";
		};
		CEDDB1622C21AD970009FD3E /* MVI-exampleTests */ = {
			isa = PBXGroup;
			children = (
				CEDDB1632C21AD970009FD3E /* MVI_exampleTests.swift */,
			);
			path = "MVI-exampleTests";
			sourceTree = "<group>";
		};
		CEDDB16C2C21AD970009FD3E /* MVI-exampleUITests */ = {
			isa = PBXGroup;
			children = (
				CEDDB16D2C21AD970009FD3E /* MVI_exampleUITests.swift */,
				CEDDB16F2C21AD970009FD3E /* MVI_exampleUITestsLaunchTests.swift */,
			);
			path = "MVI-exampleUITests";
			sourceTree = "<group>";
		};
/* End PBXGroup section */

/* Begin PBXNativeTarget section */
		CEDDB14D2C21AD960009FD3E /* CounterApp */ = {
			isa = PBXNativeTarget;
			buildConfigurationList = CEDDB1732C21AD970009FD3E /* Build configuration list for PBXNativeTarget "CounterApp" */;
			buildPhases = (
				CEDDB14A2C21AD960009FD3E /* Sources */,
				CEDDB14B2C21AD960009FD3E /* Frameworks */,
				CEDDB14C2C21AD960009FD3E /* Resources */,
			);
			buildRules = (
			);
			dependencies = (
			);
			name = CounterApp;
			productName = "MVI-example";
			productReference = CEDDB14E2C21AD960009FD3E /* CounterApp.app */;
			productType = "com.apple.product-type.application";
		};
		CEDDB15E2C21AD970009FD3E /* CounterAppTests */ = {
			isa = PBXNativeTarget;
			buildConfigurationList = CEDDB1762C21AD970009FD3E /* Build configuration list for PBXNativeTarget "CounterAppTests" */;
			buildPhases = (
				CEDDB15B2C21AD970009FD3E /* Sources */,
				CEDDB15C2C21AD970009FD3E /* Frameworks */,
				CEDDB15D2C21AD970009FD3E /* Resources */,
			);
			buildRules = (
			);
			dependencies = (
				CEDDB1612C21AD970009FD3E /* PBXTargetDependency */,
			);
			name = CounterAppTests;
			productName = "MVI-exampleTests";
			productReference = CEDDB15F2C21AD970009FD3E /* CounterAppTests.xctest */;
			productType = "com.apple.product-type.bundle.unit-test";
		};
		CEDDB1682C21AD970009FD3E /* CounterAppUITests */ = {
			isa = PBXNativeTarget;
			buildConfigurationList = CEDDB1792C21AD970009FD3E /* Build configuration list for PBXNativeTarget "CounterAppUITests" */;
			buildPhases = (
				CEDDB1652C21AD970009FD3E /* Sources */,
				CEDDB1662C21AD970009FD3E /* Frameworks */,
				CEDDB1672C21AD970009FD3E /* Resources */,
			);
			buildRules = (
			);
			dependencies = (
				CEDDB16B2C21AD970009FD3E /* PBXTargetDependency */,
			);
			name = CounterAppUITests;
			productName = "MVI-exampleUITests";
			productReference = CEDDB1692C21AD970009FD3E /* CounterAppUITests.xctest */;
			productType = "com.apple.product-type.bundle.ui-testing";
		};
/* End PBXNativeTarget section */

/* Begin PBXProject section */
		CEDDB1462C21AD960009FD3E /* Project object */ = {
			isa = PBXProject;
			attributes = {
				BuildIndependentTargetsInParallel = 1;
				LastSwiftUpdateCheck = 1540;
				LastUpgradeCheck = 1540;
				TargetAttributes = {
					CEDDB14D2C21AD960009FD3E = {
						CreatedOnToolsVersion = 15.4;
					};
					CEDDB15E2C21AD970009FD3E = {
						CreatedOnToolsVersion = 15.4;
						TestTargetID = CEDDB14D2C21AD960009FD3E;
					};
					CEDDB1682C21AD970009FD3E = {
						CreatedOnToolsVersion = 15.4;
						TestTargetID = CEDDB14D2C21AD960009FD3E;
					};
				};
			};
			buildConfigurationList = CEDDB1492C21AD960009FD3E /* Build configuration list for PBXProject "CounterApp" */;
			compatibilityVersion = "Xcode 14.0";
			developmentRegion = en;
			hasScannedForEncodings = 0;
			knownRegions = (
				en,
				Base,
			);
			mainGroup = CEDDB1452C21AD960009FD3E;
			productRefGroup = CEDDB14F2C21AD960009FD3E /* Products */;
			projectDirPath = "";
			projectRoot = "";
			targets = (
				CEDDB14D2C21AD960009FD3E /* CounterApp */,
				CEDDB15E2C21AD970009FD3E /* CounterAppTests */,
				CEDDB1682C21AD970009FD3E /* CounterAppUITests */,
			);
		};
/* End PBXProject section */

/* Begin PBXResourcesBuildPhase section */
		CEDDB14C2C21AD960009FD3E /* Resources */ = {
			isa = PBXResourcesBuildPhase;
			buildActionMask = 2147483647;
			files = (
				CE37C6902C21B45100518D31 /* Assets.xcassets in Resources */,
				CE37C68F2C21B45100518D31 /* Preview Assets.xcassets in Resources */,
			);
			runOnlyForDeploymentPostprocessing = 0;
		};
		CEDDB15D2C21AD970009FD3E /* Resources */ = {
			isa = PBXResourcesBuildPhase;
			buildActionMask = 2147483647;
			files = (
			);
			runOnlyForDeploymentPostprocessing = 0;
		};
		CEDDB1672C21AD970009FD3E /* Resources */ = {
			isa = PBXResourcesBuildPhase;
			buildActionMask = 2147483647;
			files = (
			);
			runOnlyForDeploymentPostprocessing = 0;
		};
/* End PBXResourcesBuildPhase section */

/* Begin PBXSourcesBuildPhase section */
		CEDDB14A2C21AD960009FD3E /* Sources */ = {
			isa = PBXSourcesBuildPhase;
			buildActionMask = 2147483647;
			files = (
				CE37C6942C21B45100518D31 /* CounterIntent.swift in Sources */,
				CE37C6952C21B45100518D31 /* CounterState.swift in Sources */,
				CE37C6922C21B45100518D31 /* CounterApp.swift in Sources */,
				CE37C6912C21B45100518D31 /* ContentView.swift in Sources */,
			);
			runOnlyForDeploymentPostprocessing = 0;
		};
		CEDDB15B2C21AD970009FD3E /* Sources */ = {
			isa = PBXSourcesBuildPhase;
			buildActionMask = 2147483647;
			files = (
				CEDDB1642C21AD970009FD3E /* MVI_exampleTests.swift in Sources */,
			);
			runOnlyForDeploymentPostprocessing = 0;
		};
		CEDDB1652C21AD970009FD3E /* Sources */ = {
			isa = PBXSourcesBuildPhase;
			buildActionMask = 2147483647;
			files = (
				CEDDB1702C21AD970009FD3E /* MVI_exampleUITestsLaunchTests.swift in Sources */,
				CEDDB16E2C21AD970009FD3E /* MVI_exampleUITests.swift in Sources */,
			);
			runOnlyForDeploymentPostprocessing = 0;
		};
/* End PBXSourcesBuildPhase section */

/* Begin PBXTargetDependency section */
		CEDDB1612C21AD970009FD3E /* PBXTargetDependency */ = {
			isa = PBXTargetDependency;
			target = CEDDB14D2C21AD960009FD3E /* CounterApp */;
			targetProxy = CEDDB1602C21AD970009FD3E /* PBXContainerItemProxy */;
		};
		CEDDB16B2C21AD970009FD3E /* PBXTargetDependency */ = {
			isa = PBXTargetDependency;
			target = CEDDB14D2C21AD960009FD3E /* CounterApp */;
			targetProxy = CEDDB16A2C21AD970009FD3E /* PBXContainerItemProxy */;
		};
/* End PBXTargetDependency section */

/* Begin XCBuildConfiguration section */
		CEDDB1712C21AD970009FD3E /* Debug */ = {
			isa = XCBuildConfiguration;
			buildSettings = {
				ALWAYS_SEARCH_USER_PATHS = NO;
				ASSETCATALOG_COMPILER_GENERATE_SWIFT_ASSET_SYMBOL_EXTENSIONS = YES;
				CLANG_ANALYZER_NONNULL = YES;
				CLANG_ANALYZER_NUMBER_OBJECT_CONVERSION = YES_AGGRESSIVE;
				CLANG_CXX_LANGUAGE_STANDARD = "gnu++20";
				CLANG_ENABLE_MODULES = YES;
				CLANG_ENABLE_OBJC_ARC = YES;
				CLANG_ENABLE_OBJC_WEAK = YES;
				CLANG_WARN_BLOCK_CAPTURE_AUTORELEASING = YES;
				CLANG_WARN_BOOL_CONVERSION = YES;
				CLANG_WARN_COMMA = YES;
				CLANG_WARN_CONSTANT_CONVERSION = YES;
				CLANG_WARN_DEPRECATED_OBJC_IMPLEMENTATIONS = YES;
				CLANG_WARN_DIRECT_OBJC_ISA_USAGE = YES_ERROR;
				CLANG_WARN_DOCUMENTATION_COMMENTS = YES;
				CLANG_WARN_EMPTY_BODY = YES;
				CLANG_WARN_ENUM_CONVERSION = YES;
				CLANG_WARN_INFINITE_RECURSION = YES;
				CLANG_WARN_INT_CONVERSION = YES;
				CLANG_WARN_NON_LITERAL_NULL_CONVERSION = YES;
				CLANG_WARN_OBJC_IMPLICIT_RETAIN_SELF = YES;
				CLANG_WARN_OBJC_LITERAL_CONVERSION = YES;
				CLANG_WARN_OBJC_ROOT_CLASS = YES_ERROR;
				CLANG_WARN_QUOTED_INCLUDE_IN_FRAMEWORK_HEADER = YES;
				CLANG_WARN_RANGE_LOOP_ANALYSIS = YES;
				CLANG_WARN_STRICT_PROTOTYPES = YES;
				CLANG_WARN_SUSPICIOUS_MOVE = YES;
				CLANG_WARN_UNGUARDED_AVAILABILITY = YES_AGGRESSIVE;
				CLANG_WARN_UNREACHABLE_CODE = YES;
				CLANG_WARN__DUPLICATE_METHOD_MATCH = YES;
				COPY_PHASE_STRIP = NO;
				DEBUG_INFORMATION_FORMAT = dwarf;
				ENABLE_STRICT_OBJC_MSGSEND = YES;
				ENABLE_TESTABILITY = YES;
				ENABLE_USER_SCRIPT_SANDBOXING = YES;
				GCC_C_LANGUAGE_STANDARD = gnu17;
				GCC_DYNAMIC_NO_PIC = NO;
				GCC_NO_COMMON_BLOCKS = YES;
				GCC_OPTIMIZATION_LEVEL = 0;
				GCC_PREPROCESSOR_DEFINITIONS = (
					"DEBUG=1",
					"$(inherited)",
				);
				GCC_WARN_64_TO_32_BIT_CONVERSION = YES;
				GCC_WARN_ABOUT_RETURN_TYPE = YES_ERROR;
				GCC_WARN_UNDECLARED_SELECTOR = YES;
				GCC_WARN_UNINITIALIZED_AUTOS = YES_AGGRESSIVE;
				GCC_WARN_UNUSED_FUNCTION = YES;
				GCC_WARN_UNUSED_VARIABLE = YES;
				LOCALIZATION_PREFERS_STRING_CATALOGS = YES;
				MTL_ENABLE_DEBUG_INFO = INCLUDE_SOURCE;
				MTL_FAST_MATH = YES;
				ONLY_ACTIVE_ARCH = YES;
				SWIFT_ACTIVE_COMPILATION_CONDITIONS = "DEBUG $(inherited)";
				SWIFT_OPTIMIZATION_LEVEL = "-Onone";
			};
			name = Debug;
		};
		CEDDB1722C21AD970009FD3E /* Release */ = {
			isa = XCBuildConfiguration;
			buildSettings = {
				ALWAYS_SEARCH_USER_PATHS = NO;
				ASSETCATALOG_COMPILER_GENERATE_SWIFT_ASSET_SYMBOL_EXTENSIONS = YES;
				CLANG_ANALYZER_NONNULL = YES;
				CLANG_ANALYZER_NUMBER_OBJECT_CONVERSION = YES_AGGRESSIVE;
				CLANG_CXX_LANGUAGE_STANDARD = "gnu++20";
				CLANG_ENABLE_MODULES = YES;
				CLANG_ENABLE_OBJC_ARC = YES;
				CLANG_ENABLE_OBJC_WEAK = YES;
				CLANG_WARN_BLOCK_CAPTURE_AUTORELEASING = YES;
				CLANG_WARN_BOOL_CONVERSION = YES;
				CLANG_WARN_COMMA = YES;
				CLANG_WARN_CONSTANT_CONVERSION = YES;
				CLANG_WARN_DEPRECATED_OBJC_IMPLEMENTATIONS = YES;
				CLANG_WARN_DIRECT_OBJC_ISA_USAGE = YES_ERROR;
				CLANG_WARN_DOCUMENTATION_COMMENTS = YES;
				CLANG_WARN_EMPTY_BODY = YES;
				CLANG_WARN_ENUM_CONVERSION = YES;
				CLANG_WARN_INFINITE_RECURSION = YES;
				CLANG_WARN_INT_CONVERSION = YES;
				CLANG_WARN_NON_LITERAL_NULL_CONVERSION = YES;
				CLANG_WARN_OBJC_IMPLICIT_RETAIN_SELF = YES;
				CLANG_WARN_OBJC_LITERAL_CONVERSION = YES;
				CLANG_WARN_OBJC_ROOT_CLASS = YES_ERROR;
				CLANG_WARN_QUOTED_INCLUDE_IN_FRAMEWORK_HEADER = YES;
				CLANG_WARN_RANGE_LOOP_ANALYSIS = YES;
				CLANG_WARN_STRICT_PROTOTYPES = YES;
				CLANG_WARN_SUSPICIOUS_MOVE = YES;
				CLANG_WARN_UNGUARDED_AVAILABILITY = YES_AGGRESSIVE;
				CLANG_WARN_UNREACHABLE_CODE = YES;
				CLANG_WARN__DUPLICATE_METHOD_MATCH = YES;
				COPY_PHASE_STRIP = NO;
				DEBUG_INFORMATION_FORMAT = "dwarf-with-dsym";
				ENABLE_NS_ASSERTIONS = NO;
				ENABLE_STRICT_OBJC_MSGSEND = YES;
				ENABLE_USER_SCRIPT_SANDBOXING = YES;
				GCC_C_LANGUAGE_STANDARD = gnu17;
				GCC_NO_COMMON_BLOCKS = YES;
				GCC_WARN_64_TO_32_BIT_CONVERSION = YES;
				GCC_WARN_ABOUT_RETURN_TYPE = YES_ERROR;
				GCC_WARN_UNDECLARED_SELECTOR = YES;
				GCC_WARN_UNINITIALIZED_AUTOS = YES_AGGRESSIVE;
				GCC_WARN_UNUSED_FUNCTION = YES;
				GCC_WARN_UNUSED_VARIABLE = YES;
				LOCALIZATION_PREFERS_STRING_CATALOGS = YES;
				MTL_ENABLE_DEBUG_INFO = NO;
				MTL_FAST_MATH = YES;
				SWIFT_COMPILATION_MODE = wholemodule;
			};
			name = Release;
		};
		CEDDB1742C21AD970009FD3E /* Debug */ = {
			isa = XCBuildConfiguration;
			buildSettings = {
				ASSETCATALOG_COMPILER_APPICON_NAME = AppIcon;
				ASSETCATALOG_COMPILER_GLOBAL_ACCENT_COLOR_NAME = AccentColor;
				CODE_SIGN_ENTITLEMENTS = CounterApp/CounterApp.entitlements;
				CODE_SIGN_STYLE = Automatic;
				CURRENT_PROJECT_VERSION = 1;
				DEVELOPMENT_ASSET_PATHS = "\"CounterApp/Preview Content\"";
				DEVELOPMENT_TEAM = 8UV3Y69NB7;
				ENABLE_HARDENED_RUNTIME = YES;
				ENABLE_PREVIEWS = YES;
				GENERATE_INFOPLIST_FILE = YES;
				"INFOPLIST_KEY_UIApplicationSceneManifest_Generation[sdk=iphoneos*]" = YES;
				"INFOPLIST_KEY_UIApplicationSceneManifest_Generation[sdk=iphonesimulator*]" = YES;
				"INFOPLIST_KEY_UIApplicationSupportsIndirectInputEvents[sdk=iphoneos*]" = YES;
				"INFOPLIST_KEY_UIApplicationSupportsIndirectInputEvents[sdk=iphonesimulator*]" = YES;
				"INFOPLIST_KEY_UILaunchScreen_Generation[sdk=iphoneos*]" = YES;
				"INFOPLIST_KEY_UILaunchScreen_Generation[sdk=iphonesimulator*]" = YES;
				"INFOPLIST_KEY_UIStatusBarStyle[sdk=iphoneos*]" = UIStatusBarStyleDefault;
				"INFOPLIST_KEY_UIStatusBarStyle[sdk=iphonesimulator*]" = UIStatusBarStyleDefault;
				INFOPLIST_KEY_UISupportedInterfaceOrientations_iPad = "UIInterfaceOrientationPortrait UIInterfaceOrientationPortraitUpsideDown UIInterfaceOrientationLandscapeLeft UIInterfaceOrientationLandscapeRight";
				INFOPLIST_KEY_UISupportedInterfaceOrientations_iPhone = "UIInterfaceOrientationPortrait UIInterfaceOrientationLandscapeLeft UIInterfaceOrientationLandscapeRight";
				IPHONEOS_DEPLOYMENT_TARGET = 17.5;
				LD_RUNPATH_SEARCH_PATHS = "@executable_path/Frameworks";
				"LD_RUNPATH_SEARCH_PATHS[sdk=macosx*]" = "@executable_path/../Frameworks";
				MACOSX_DEPLOYMENT_TARGET = 14.5;
				MARKETING_VERSION = 1.0;
				PRODUCT_BUNDLE_IDENTIFIER = "gaeng2y.MVI-example";
				PRODUCT_NAME = "$(TARGET_NAME)";
				SDKROOT = auto;
				SUPPORTED_PLATFORMS = "iphoneos iphonesimulator macosx";
				SWIFT_EMIT_LOC_STRINGS = YES;
				SWIFT_VERSION = 5.0;
				TARGETED_DEVICE_FAMILY = "1,2";
			};
			name = Debug;
		};
		CEDDB1752C21AD970009FD3E /* Release */ = {
			isa = XCBuildConfiguration;
			buildSettings = {
				ASSETCATALOG_COMPILER_APPICON_NAME = AppIcon;
				ASSETCATALOG_COMPILER_GLOBAL_ACCENT_COLOR_NAME = AccentColor;
				CODE_SIGN_ENTITLEMENTS = CounterApp/CounterApp.entitlements;
				CODE_SIGN_STYLE = Automatic;
				CURRENT_PROJECT_VERSION = 1;
				DEVELOPMENT_ASSET_PATHS = "\"CounterApp/Preview Content\"";
				DEVELOPMENT_TEAM = 8UV3Y69NB7;
				ENABLE_HARDENED_RUNTIME = YES;
				ENABLE_PREVIEWS = YES;
				GENERATE_INFOPLIST_FILE = YES;
				"INFOPLIST_KEY_UIApplicationSceneManifest_Generation[sdk=iphoneos*]" = YES;
				"INFOPLIST_KEY_UIApplicationSceneManifest_Generation[sdk=iphonesimulator*]" = YES;
				"INFOPLIST_KEY_UIApplicationSupportsIndirectInputEvents[sdk=iphoneos*]" = YES;
				"INFOPLIST_KEY_UIApplicationSupportsIndirectInputEvents[sdk=iphonesimulator*]" = YES;
				"INFOPLIST_KEY_UILaunchScreen_Generation[sdk=iphoneos*]" = YES;
				"INFOPLIST_KEY_UILaunchScreen_Generation[sdk=iphonesimulator*]" = YES;
				"INFOPLIST_KEY_UIStatusBarStyle[sdk=iphoneos*]" = UIStatusBarStyleDefault;
				"INFOPLIST_KEY_UIStatusBarStyle[sdk=iphonesimulator*]" = UIStatusBarStyleDefault;
				INFOPLIST_KEY_UISupportedInterfaceOrientations_iPad = "UIInterfaceOrientationPortrait UIInterfaceOrientationPortraitUpsideDown UIInterfaceOrientationLandscapeLeft UIInterfaceOrientationLandscapeRight";
				INFOPLIST_KEY_UISupportedInterfaceOrientations_iPhone = "UIInterfaceOrientationPortrait UIInterfaceOrientationLandscapeLeft UIInterfaceOrientationLandscapeRight";
				IPHONEOS_DEPLOYMENT_TARGET = 17.5;
				LD_RUNPATH_SEARCH_PATHS = "@executable_path/Frameworks";
				"LD_RUNPATH_SEARCH_PATHS[sdk=macosx*]" = "@executable_path/../Frameworks";
				MACOSX_DEPLOYMENT_TARGET = 14.5;
				MARKETING_VERSION = 1.0;
				PRODUCT_BUNDLE_IDENTIFIER = "gaeng2y.MVI-example";
				PRODUCT_NAME = "$(TARGET_NAME)";
				SDKROOT = auto;
				SUPPORTED_PLATFORMS = "iphoneos iphonesimulator macosx";
				SWIFT_EMIT_LOC_STRINGS = YES;
				SWIFT_VERSION = 5.0;
				TARGETED_DEVICE_FAMILY = "1,2";
			};
			name = Release;
		};
		CEDDB1772C21AD970009FD3E /* Debug */ = {
			isa = XCBuildConfiguration;
			buildSettings = {
				ALWAYS_EMBED_SWIFT_STANDARD_LIBRARIES = YES;
				BUNDLE_LOADER = "$(TEST_HOST)";
				CODE_SIGN_STYLE = Automatic;
				CURRENT_PROJECT_VERSION = 1;
				DEVELOPMENT_TEAM = 8UV3Y69NB7;
				GENERATE_INFOPLIST_FILE = YES;
				IPHONEOS_DEPLOYMENT_TARGET = 17.5;
				MACOSX_DEPLOYMENT_TARGET = 14.5;
				MARKETING_VERSION = 1.0;
				PRODUCT_BUNDLE_IDENTIFIER = "gaeng2y.MVI-exampleTests";
				PRODUCT_NAME = "$(TARGET_NAME)";
				SDKROOT = auto;
				SUPPORTED_PLATFORMS = "iphoneos iphonesimulator macosx";
				SWIFT_EMIT_LOC_STRINGS = NO;
				SWIFT_VERSION = 5.0;
				TARGETED_DEVICE_FAMILY = "1,2";
				TEST_HOST = "$(BUILT_PRODUCTS_DIR)/CounterApp.app/$(BUNDLE_EXECUTABLE_FOLDER_PATH)/CounterApp";
			};
			name = Debug;
		};
		CEDDB1782C21AD970009FD3E /* Release */ = {
			isa = XCBuildConfiguration;
			buildSettings = {
				ALWAYS_EMBED_SWIFT_STANDARD_LIBRARIES = YES;
				BUNDLE_LOADER = "$(TEST_HOST)";
				CODE_SIGN_STYLE = Automatic;
				CURRENT_PROJECT_VERSION = 1;
				DEVELOPMENT_TEAM = 8UV3Y69NB7;
				GENERATE_INFOPLIST_FILE = YES;
				IPHONEOS_DEPLOYMENT_TARGET = 17.5;
				MACOSX_DEPLOYMENT_TARGET = 14.5;
				MARKETING_VERSION = 1.0;
				PRODUCT_BUNDLE_IDENTIFIER = "gaeng2y.MVI-exampleTests";
				PRODUCT_NAME = "$(TARGET_NAME)";
				SDKROOT = auto;
				SUPPORTED_PLATFORMS = "iphoneos iphonesimulator macosx";
				SWIFT_EMIT_LOC_STRINGS = NO;
				SWIFT_VERSION = 5.0;
				TARGETED_DEVICE_FAMILY = "1,2";
				TEST_HOST = "$(BUILT_PRODUCTS_DIR)/CounterApp.app/$(BUNDLE_EXECUTABLE_FOLDER_PATH)/CounterApp";
			};
			name = Release;
		};
		CEDDB17A2C21AD970009FD3E /* Debug */ = {
			isa = XCBuildConfiguration;
			buildSettings = {
				ALWAYS_EMBED_SWIFT_STANDARD_LIBRARIES = YES;
				CODE_SIGN_STYLE = Automatic;
				CURRENT_PROJECT_VERSION = 1;
				DEVELOPMENT_TEAM = 8UV3Y69NB7;
				GENERATE_INFOPLIST_FILE = YES;
				IPHONEOS_DEPLOYMENT_TARGET = 17.5;
				MACOSX_DEPLOYMENT_TARGET = 14.5;
				MARKETING_VERSION = 1.0;
				PRODUCT_BUNDLE_IDENTIFIER = "gaeng2y.MVI-exampleUITests";
				PRODUCT_NAME = "$(TARGET_NAME)";
				SDKROOT = auto;
				SUPPORTED_PLATFORMS = "iphoneos iphonesimulator macosx";
				SWIFT_EMIT_LOC_STRINGS = NO;
				SWIFT_VERSION = 5.0;
				TARGETED_DEVICE_FAMILY = "1,2";
				TEST_TARGET_NAME = "MVI-example";
			};
			name = Debug;
		};
		CEDDB17B2C21AD970009FD3E /* Release */ = {
			isa = XCBuildConfiguration;
			buildSettings = {
				ALWAYS_EMBED_SWIFT_STANDARD_LIBRARIES = YES;
				CODE_SIGN_STYLE = Automatic;
				CURRENT_PROJECT_VERSION = 1;
				DEVELOPMENT_TEAM = 8UV3Y69NB7;
				GENERATE_INFOPLIST_FILE = YES;
				IPHONEOS_DEPLOYMENT_TARGET = 17.5;
				MACOSX_DEPLOYMENT_TARGET = 14.5;
				MARKETING_VERSION = 1.0;
				PRODUCT_BUNDLE_IDENTIFIER = "gaeng2y.MVI-exampleUITests";
				PRODUCT_NAME = "$(TARGET_NAME)";
				SDKROOT = auto;
				SUPPORTED_PLATFORMS = "iphoneos iphonesimulator macosx";
				SWIFT_EMIT_LOC_STRINGS = NO;
				SWIFT_VERSION = 5.0;
				TARGETED_DEVICE_FAMILY = "1,2";
				TEST_TARGET_NAME = "MVI-example";
			};
			name = Release;
		};
/* End XCBuildConfiguration section */

/* Begin XCConfigurationList section */
		CEDDB1492C21AD960009FD3E /* Build configuration list for PBXProject "CounterApp" */ = {
			isa = XCConfigurationList;
			buildConfigurations = (
				CEDDB1712C21AD970009FD3E /* Debug */,
				CEDDB1722C21AD970009FD3E /* Release */,
			);
			defaultConfigurationIsVisible = 0;
			defaultConfigurationName = Release;
		};
		CEDDB1732C21AD970009FD3E /* Build configuration list for PBXNativeTarget "CounterApp" */ = {
			isa = XCConfigurationList;
			buildConfigurations = (
				CEDDB1742C21AD970009FD3E /* Debug */,
				CEDDB1752C21AD970009FD3E /* Release */,
			);
			defaultConfigurationIsVisible = 0;
			defaultConfigurationName = Release;
		};
		CEDDB1762C21AD970009FD3E /* Build configuration list for PBXNativeTarget "CounterAppTests" */ = {
			isa = XCConfigurationList;
			buildConfigurations = (
				CEDDB1772C21AD970009FD3E /* Debug */,
				CEDDB1782C21AD970009FD3E /* Release */,
			);
			defaultConfigurationIsVisible = 0;
			defaultConfigurationName = Release;
		};
		CEDDB1792C21AD970009FD3E /* Build configuration list for PBXNativeTarget "CounterAppUITests" */ = {
			isa = XCConfigurationList;
			buildConfigurations = (
				CEDDB17A2C21AD970009FD3E /* Debug */,
				CEDDB17B2C21AD970009FD3E /* Release */,
			);
			defaultConfigurationIsVisible = 0;
			defaultConfigurationName = Release;
		};
/* End XCConfigurationList section */
	};
	rootObject = CEDDB1462C21AD960009FD3E /* Project object */;
}
